
Microsoft Visual Studio Solution File, Format Version 12.00
# Visual Studio Version 16
VisualStudioVersion = 16.0.31515.178
MinimumVisualStudioVersion = 10.0.40219.1
Project("{FAE04EC0-301F-11D3-BF4B-00C04F79EFBC}") = "MovieProDemo", "MovieProDemo.csproj", "{379D2EB2-B7B3-4C41-97BE-33EEC39D7893}"
EndProject
Global
	GlobalSection(SolutionConfigurationPlatforms) = preSolution
		Debug|Any CPU = Debug|Any CPU
		Release|Any CPU = Release|Any CPU
	EndGlobalSection
	GlobalSection(ProjectConfigurationPlatforms) = postSolution
		{379D2EB2-B7B3-4C41-97BE-33EEC39D7893}.Debug|Any CPU.ActiveCfg = Debug|Any CPU
		{379D2EB2-B7B3-4C41-97BE-33EEC39D7893}.Debug|Any CPU.Build.0 = Debug|Any CPU
		{379D2EB2-B7B3-4C41-97BE-33EEC39D7893}.Release|Any CPU.ActiveCfg = Release|Any CPU
		{379D2EB2-B7B3-4C41-97BE-33EEC39D7893}.Release|Any CPU.Build.0 = Release|Any CPU
	EndGlobalSection
	GlobalSection(SolutionProperties) = preSolution
		HideSolutionNode = FALSE
	EndGlobalSection
	GlobalSection(ExtensibilityGlobals) = postSolution
		SolutionGuid = {FDDEEB8C-F190-475E-A428-D3848F50703D}
	EndGlobalSection
EndGlobal
